{
  "version": 4,
  "terraform_version": "1.5.7",
  "serial": 8,
  "lineage": "d4839b98-fcb9-ffcf-226c-4e8de92ea727",
  "outputs": {
    "lb_output": {
      "value": {
        "algorithm": "round_robin",
        "disable_lets_encrypt_dns_records": false,
        "droplet_ids": [
          376423799,
          376423800
        ],
        "droplet_tag": "",
        "enable_backend_keepalive": false,
        "enable_proxy_protocol": false,
        "firewall": [],
        "forwarding_rule": [
          {
            "certificate_id": "",
            "certificate_name": "",
            "entry_port": 80,
            "entry_protocol": "http",
            "target_port": 80,
            "target_protocol": "http",
            "tls_passthrough": false
          },
          {
            "certificate_id": "test-cert",
            "certificate_name": "test-cert",
            "entry_port": 443,
            "entry_protocol": "https",
            "target_port": 80,
            "target_protocol": "http",
            "tls_passthrough": false
          }
        ],
        "healthcheck": [
          {
            "check_interval_seconds": 10,
            "healthy_threshold": 5,
            "path": "",
            "port": 22,
            "protocol": "tcp",
            "response_timeout_seconds": 5,
            "unhealthy_threshold": 3
          }
        ],
        "http_idle_timeout_seconds": 60,
        "id": "6c56f12e-1903-4d7a-a78d-4ea627eb2595",
        "ip": "159.223.248.91",
        "name": "camion-demo-balancer-1",
        "project_id": "0af31713-edba-4016-9160-e714c3a8ccf6",
        "redirect_http_to_https": true,
        "region": "fra1",
        "size": null,
        "size_unit": 1,
        "status": "active",
        "sticky_sessions": [
          {
            "cookie_name": "",
            "cookie_ttl_seconds": 0,
            "type": "none"
          }
        ],
        "urn": "do:loadbalancer:6c56f12e-1903-4d7a-a78d-4ea627eb2595",
        "vpc_uuid": "e3fc7ba0-818c-4f40-b0a2-08a1d5bfc55b"
      },
      "type": [
        "object",
        {
          "algorithm": "string",
          "disable_lets_encrypt_dns_records": "bool",
          "droplet_ids": [
            "set",
            "number"
          ],
          "droplet_tag": "string",
          "enable_backend_keepalive": "bool",
          "enable_proxy_protocol": "bool",
          "firewall": [
            "set",
            [
              "object",
              {
                "allow": [
                  "list",
                  "string"
                ],
                "deny": [
                  "list",
                  "string"
                ]
              }
            ]
          ],
          "forwarding_rule": [
            "set",
            [
              "object",
              {
                "certificate_id": "string",
                "certificate_name": "string",
                "entry_port": "number",
                "entry_protocol": "string",
                "target_port": "number",
                "target_protocol": "string",
                "tls_passthrough": "bool"
              }
            ]
          ],
          "healthcheck": [
            "list",
            [
              "object",
              {
                "check_interval_seconds": "number",
                "healthy_threshold": "number",
                "path": "string",
                "port": "number",
                "protocol": "string",
                "response_timeout_seconds": "number",
                "unhealthy_threshold": "number"
              }
            ]
          ],
          "http_idle_timeout_seconds": "number",
          "id": "string",
          "ip": "string",
          "name": "string",
          "project_id": "string",
          "redirect_http_to_https": "bool",
          "region": "string",
          "size": "string",
          "size_unit": "number",
          "status": "string",
          "sticky_sessions": [
            "list",
            [
              "object",
              {
                "cookie_name": "string",
                "cookie_ttl_seconds": "number",
                "type": "string"
              }
            ]
          ],
          "urn": "string",
          "vpc_uuid": "string"
        }
      ]
    }
  },
  "resources": [
    {
      "mode": "data",
      "type": "digitalocean_certificate",
      "name": "test",
      "provider": "provider[\"registry.terraform.io/digitalocean/digitalocean\"]",
      "instances": [
        {
          "schema_version": 0,
          "attributes": {
            "domains": [
              "*.rdas.site",
              "rdas.site"
            ],
            "id": "test-cert",
            "name": "test-cert",
            "not_after": "2023-12-09T04:51:09Z",
            "sha1_fingerprint": "4a5d835b4bac0fb9ac62791b1bf4f79adbe4f0ed",
            "state": "verified",
            "type": "lets_encrypt",
            "uuid": "e58711a2-ce49-4a79-8ec4-0a5a38fd7128"
          },
          "sensitive_attributes": []
        }
      ]
    },
    {
      "mode": "data",
      "type": "digitalocean_database_cluster",
      "name": "main",
      "provider": "provider[\"registry.terraform.io/digitalocean/digitalocean\"]",
      "instances": [
        {
          "schema_version": 0,
          "attributes": {
            "database": "defaultdb",
            "engine": "pg",
            "host": "db-postgresql-do-user-14543235-0.b.db.ondigitalocean.com",
            "id": "c639c6cd-0c9d-4151-a62f-f2925e179fa7",
            "maintenance_window": null,
            "name": "db-postgresql",
            "node_count": 1,
            "password": "AVNS_LhUoGv2I1G9B4Isz6H7",
            "port": 25060,
            "private_host": "private-db-postgresql-do-user-14543235-0.b.db.ondigitalocean.com",
            "private_network_uuid": "e3fc7ba0-818c-4f40-b0a2-08a1d5bfc55b",
            "private_uri": "postgresql://doadmin:AVNS_LhUoGv2I1G9B4Isz6H7@private-db-postgresql-do-user-14543235-0.b.db.ondigitalocean.com:25060/defaultdb?sslmode=require",
            "project_id": "0af31713-edba-4016-9160-e714c3a8ccf6",
            "region": "fra1",
            "size": "db-s-1vcpu-2gb",
            "tags": [],
            "uri": "postgresql://doadmin:AVNS_LhUoGv2I1G9B4Isz6H7@db-postgresql-do-user-14543235-0.b.db.ondigitalocean.com:25060/defaultdb?sslmode=require",
            "urn": "do:dbaas:c639c6cd-0c9d-4151-a62f-f2925e179fa7",
            "user": "doadmin",
            "version": "15"
          },
          "sensitive_attributes": []
        }
      ]
    },
    {
      "mode": "data",
      "type": "digitalocean_domain",
      "name": "default",
      "provider": "provider[\"registry.terraform.io/digitalocean/digitalocean\"]",
      "instances": [
        {
          "schema_version": 0,
          "attributes": {
            "id": "rdas.site",
            "name": "rdas.site",
            "ttl": 1800,
            "urn": "do:domain:rdas.site",
            "zone_file": "$ORIGIN rdas.site.\n$TTL 1800\nrdas.site. IN SOA ns1.digitalocean.com. hostmaster.rdas.site. 1695878233 10800 3600 604800 1800\nrdas.site. 1800 IN NS ns1.digitalocean.com.\nrdas.site. 1800 IN NS ns2.digitalocean.com.\nrdas.site. 1800 IN NS ns3.digitalocean.com.\npr2-1.rdas.site. 3600 IN A 161.35.194.87\npr2-2.rdas.site. 3600 IN A 157.230.123.48\nwww.rdas.site. 3600 IN A 68.183.241.159\nrdas.site. 3600 IN A 68.183.241.159\nrdas.site. 3600 IN A 46.101.68.15\nrdas.site. 3600 IN A 157.245.20.173\ncamion-demo-2.rdas.site. 1800 IN A 167.99.133.191\ncamion-demo-1.rdas.site. 1800 IN A 167.99.137.31\nrdas.site. 3600 IN A 159.223.248.91\ncamion-demo-lb.rdas.site. 1800 IN A 159.223.248.91\ncamion-demo.rdas.site. 1800 IN A 165.227.161.11\n"
          },
          "sensitive_attributes": []
        }
      ]
    },
    {
      "mode": "data",
      "type": "digitalocean_ssh_key",
      "name": "laptop_ssh_key",
      "provider": "provider[\"registry.terraform.io/digitalocean/digitalocean\"]",
      "instances": [
        {
          "schema_version": 0,
          "attributes": {
            "fingerprint": "49:91:ec:cb:7c:f8:e8:53:12:49:7f:22:92:4e:31:61",
            "id": 39499712,
            "name": "Laptop Lenovo",
            "public_key": "ssh-rsa AAAAB3NzaC1yc2EAAAADAQABAAABgQDW2YjR4MEPXqdOEMU94lAHUBdao6WW4upOLtC57AxMkjkVwovl6uBIsrZS4NRmMwUrXZG1Nbc5K2QIupeqOtc5WlMcTJ/lRg46U7e0P+klObY4ZH/9+KP6yV4CR1j6xjmEpr1JESK0XAt28pIRgQpgoUuorJ4i/8ptFz+A35P2IXgYDPVOxjbSmQGIfEm4BvAXwFguhYWxpmlxv+LphAVD++Hk09gMQM8XjIVnrZz0AZrrlduErMTe3SK/z5QdUGaEZJLrZgtUx6F8n2kbVlp7bCSnjAsw+n2iw2wZmZdWwL0LkQGKb0iorB7Zk28JL6o6cIe8QcstP0jFC+nLzaMOla5ZGYkZsvx27golYhL0UBsJJFN4PHCQHSmOldg5KqRl79ZSPKbmshJJxWTr8GQaPIb7JwbAnco3djyitBxWwb0ZmTK/WxXCjgfLeIfmrmlMD0IPIS5VifvswH8LjnKHtXzpDBKHxPgV8DRXbFUkOjWA0jr88N4sxq1Qx45iODs= anton@anton-Lenovo-G505s"
          },
          "sensitive_attributes": []
        }
      ]
    },
    {
      "mode": "data",
      "type": "digitalocean_ssh_key",
      "name": "office_ssh_key",
      "provider": "provider[\"registry.terraform.io/digitalocean/digitalocean\"]",
      "instances": [
        {
          "schema_version": 0,
          "attributes": {
            "fingerprint": "b8:b5:80:f8:74:fa:f7:0b:3c:1c:20:c8:91:0c:20:4a",
            "id": 39163410,
            "name": "Lenovo",
            "public_key": "ssh-rsa AAAAB3NzaC1yc2EAAAADAQABAAABgQCfrK/kLofat3KbCrxGHxrhmNvGXqWw80J01cQ5UmntZ/jmay4zDJ5l1iVUeHJQWWL+MUDVogZu1jrm7FFj73p27hh3cqUKO68r7fgj9J/HOhgiMgqLDDiPvmLivz0OaUUBZmjL7G+3On4HGAymhVT56CzBaMU143Pn+2LNyVO2y69sNxj9QoQJWbzES0QYbaUABNKy0DAKVaFzF11sPAMV+c/2VLBzcoLJuLFmVAx0wqhsG72gewrCtdTfdpJwzNlr3Fj9/2DH1HdZKfjjRj53buZEYVJzBAV31caHPyw6gtagkc8DkC3I3y/4aBSTH9e5uu5VmCFVeXQW8C84ieMBNdxG2haWHrYLbgN769ETdvuMUVm+SbA1V+iuY7P0XxcPG0rAoV+acEM61euPwu5Xsr5FefcO1bxa2Gu8cvWb28PUrn6o4nS0Faf7LrGr/V/UiMPFqdSbX+m+sTVxBzDy+hw8ioEe/q17GdZ5Td1BVfoua7Bl6ryCupkS+Pk6vf0= anton@anton-Lenovo-H50-50"
          },
          "sensitive_attributes": []
        }
      ]
    },
    {
      "mode": "managed",
      "type": "datadog_synthetics_test",
      "name": "test_uptime",
      "provider": "provider[\"registry.terraform.io/datadog/datadog\"]",
      "instances": [
        {
          "schema_version": 0,
          "attributes": {
            "api_step": [],
            "assertion": [
              {
                "operator": "is",
                "property": "",
                "target": "200",
                "targetjsonpath": [],
                "targetxpath": [],
                "type": "statusCode"
              }
            ],
            "browser_step": [],
            "browser_variable": [],
            "config_variable": [],
            "device_ids": null,
            "id": "htd-gv7-4ae",
            "locations": [
              "aws:eu-central-1"
            ],
            "message": "Notify @pagerduty",
            "monitor_id": 13248870,
            "name": "Check service availible",
            "options_list": [
              {
                "accept_self_signed": false,
                "allow_insecure": false,
                "check_certificate_revocation": false,
                "ci": [],
                "disable_cors": false,
                "disable_csp": false,
                "follow_redirects": false,
                "http_version": "",
                "ignore_server_certificate_error": false,
                "initial_navigation_timeout": 0,
                "min_failure_duration": 0,
                "min_location_failed": 1,
                "monitor_name": "",
                "monitor_options": [
                  {
                    "renotify_interval": 120
                  }
                ],
                "monitor_priority": 0,
                "no_screenshot": false,
                "restricted_roles": null,
                "retry": [
                  {
                    "count": 2,
                    "interval": 300
                  }
                ],
                "rum_settings": [],
                "scheduling": [],
                "tick_every": 900
              }
            ],
            "request_basicauth": [],
            "request_client_certificate": [],
            "request_definition": [
              {
                "body": "",
                "body_type": "",
                "call_type": "",
                "certificate_domains": null,
                "dns_server": "",
                "dns_server_port": 0,
                "host": "",
                "message": "",
                "method": "GET",
                "no_saving_response_body": false,
                "number_of_packets": 0,
                "persist_cookies": false,
                "port": 0,
                "servername": "",
                "service": "",
                "should_track_hops": false,
                "timeout": 60,
                "url": "https://camion-demo-lb.rdas.site/"
              }
            ],
            "request_headers": {
              "Content-Type": "application/json"
            },
            "request_metadata": null,
            "request_proxy": [],
            "request_query": null,
            "set_cookie": null,
            "status": "live",
            "subtype": "http",
            "tags": [
              "foo:bar",
              "foo",
              "env:test"
            ],
            "type": "api"
          },
          "sensitive_attributes": [],
          "private": "bnVsbA=="
        }
      ]
    },
    {
      "mode": "managed",
      "type": "digitalocean_database_db",
      "name": "camion-demo",
      "provider": "provider[\"registry.terraform.io/digitalocean/digitalocean\"]",
      "instances": [
        {
          "schema_version": 0,
          "attributes": {
            "cluster_id": "c639c6cd-0c9d-4151-a62f-f2925e179fa7",
            "id": "c639c6cd-0c9d-4151-a62f-f2925e179fa7/database/camion-demo",
            "name": "camion-demo"
          },
          "sensitive_attributes": [],
          "private": "bnVsbA==",
          "dependencies": [
            "data.digitalocean_database_cluster.main"
          ]
        }
      ]
    },
    {
      "mode": "managed",
      "type": "digitalocean_droplet",
      "name": "camion-demo-1-droplet",
      "provider": "provider[\"registry.terraform.io/digitalocean/digitalocean\"]",
      "instances": [
        {
          "schema_version": 1,
          "attributes": {
            "backups": false,
            "created_at": "2023-09-25T13:55:06Z",
            "disk": 25,
            "droplet_agent": null,
            "graceful_shutdown": false,
            "id": "376423799",
            "image": "docker-20-04",
            "ipv4_address": "167.99.137.31",
            "ipv4_address_private": "10.114.0.4",
            "ipv6": false,
            "ipv6_address": "",
            "locked": false,
            "memory": 1024,
            "monitoring": false,
            "name": "camion-demo-1",
            "price_hourly": 0.00893,
            "price_monthly": 6,
            "private_networking": true,
            "region": "fra1",
            "resize_disk": true,
            "size": "s-1vcpu-1gb",
            "ssh_keys": [
              "39163410",
              "39499712"
            ],
            "status": "active",
            "tags": [],
            "timeouts": null,
            "urn": "do:droplet:376423799",
            "user_data": null,
            "vcpus": 1,
            "volume_ids": [],
            "vpc_uuid": "e3fc7ba0-818c-4f40-b0a2-08a1d5bfc55b"
          },
          "sensitive_attributes": [],
          "private": "eyJlMmJmYjczMC1lY2FhLTExZTYtOGY4OC0zNDM2M2JjN2M0YzAiOnsiY3JlYXRlIjozNjAwMDAwMDAwMDAwLCJkZWxldGUiOjYwMDAwMDAwMDAwLCJ1cGRhdGUiOjM2MDAwMDAwMDAwMDB9LCJzY2hlbWFfdmVyc2lvbiI6IjEifQ==",
          "dependencies": [
            "data.digitalocean_ssh_key.laptop_ssh_key",
            "data.digitalocean_ssh_key.office_ssh_key"
          ]
        }
      ]
    },
    {
      "mode": "managed",
      "type": "digitalocean_droplet",
      "name": "camion-demo-2-droplet",
      "provider": "provider[\"registry.terraform.io/digitalocean/digitalocean\"]",
      "instances": [
        {
          "schema_version": 1,
          "attributes": {
            "backups": false,
            "created_at": "2023-09-25T13:55:06Z",
            "disk": 25,
            "droplet_agent": null,
            "graceful_shutdown": false,
            "id": "376423800",
            "image": "docker-20-04",
            "ipv4_address": "167.99.133.191",
            "ipv4_address_private": "10.114.0.5",
            "ipv6": false,
            "ipv6_address": "",
            "locked": false,
            "memory": 1024,
            "monitoring": false,
            "name": "camion-demo-2",
            "price_hourly": 0.00893,
            "price_monthly": 6,
            "private_networking": true,
            "region": "fra1",
            "resize_disk": true,
            "size": "s-1vcpu-1gb",
            "ssh_keys": [
              "39163410",
              "39499712"
            ],
            "status": "active",
            "tags": [],
            "timeouts": null,
            "urn": "do:droplet:376423800",
            "user_data": null,
            "vcpus": 1,
            "volume_ids": [],
            "vpc_uuid": "e3fc7ba0-818c-4f40-b0a2-08a1d5bfc55b"
          },
          "sensitive_attributes": [],
          "private": "eyJlMmJmYjczMC1lY2FhLTExZTYtOGY4OC0zNDM2M2JjN2M0YzAiOnsiY3JlYXRlIjozNjAwMDAwMDAwMDAwLCJkZWxldGUiOjYwMDAwMDAwMDAwLCJ1cGRhdGUiOjM2MDAwMDAwMDAwMDB9LCJzY2hlbWFfdmVyc2lvbiI6IjEifQ==",
          "dependencies": [
            "data.digitalocean_ssh_key.laptop_ssh_key",
            "data.digitalocean_ssh_key.office_ssh_key"
          ]
        }
      ]
    },
    {
      "mode": "managed",
      "type": "digitalocean_loadbalancer",
      "name": "public",
      "provider": "provider[\"registry.terraform.io/digitalocean/digitalocean\"]",
      "instances": [
        {
          "schema_version": 1,
          "attributes": {
            "algorithm": "round_robin",
            "disable_lets_encrypt_dns_records": false,
            "droplet_ids": [
              376423799,
              376423800
            ],
            "droplet_tag": "",
            "enable_backend_keepalive": false,
            "enable_proxy_protocol": false,
            "firewall": [],
            "forwarding_rule": [
              {
                "certificate_id": "",
                "certificate_name": "",
                "entry_port": 80,
                "entry_protocol": "http",
                "target_port": 80,
                "target_protocol": "http",
                "tls_passthrough": false
              },
              {
                "certificate_id": "test-cert",
                "certificate_name": "test-cert",
                "entry_port": 443,
                "entry_protocol": "https",
                "target_port": 80,
                "target_protocol": "http",
                "tls_passthrough": false
              }
            ],
            "healthcheck": [
              {
                "check_interval_seconds": 10,
                "healthy_threshold": 5,
                "path": "",
                "port": 22,
                "protocol": "tcp",
                "response_timeout_seconds": 5,
                "unhealthy_threshold": 3
              }
            ],
            "http_idle_timeout_seconds": 60,
            "id": "6c56f12e-1903-4d7a-a78d-4ea627eb2595",
            "ip": "159.223.248.91",
            "name": "camion-demo-balancer-1",
            "project_id": "0af31713-edba-4016-9160-e714c3a8ccf6",
            "redirect_http_to_https": true,
            "region": "fra1",
            "size": null,
            "size_unit": 1,
            "status": "active",
            "sticky_sessions": [
              {
                "cookie_name": "",
                "cookie_ttl_seconds": 0,
                "type": "none"
              }
            ],
            "urn": "do:loadbalancer:6c56f12e-1903-4d7a-a78d-4ea627eb2595",
            "vpc_uuid": "e3fc7ba0-818c-4f40-b0a2-08a1d5bfc55b"
          },
          "sensitive_attributes": [],
          "private": "eyJzY2hlbWFfdmVyc2lvbiI6IjEifQ==",
          "dependencies": [
            "data.digitalocean_certificate.test",
            "data.digitalocean_ssh_key.laptop_ssh_key",
            "data.digitalocean_ssh_key.office_ssh_key",
            "digitalocean_droplet.camion-demo-1-droplet",
            "digitalocean_droplet.camion-demo-2-droplet"
          ]
        }
      ]
    },
    {
      "mode": "managed",
      "type": "digitalocean_record",
      "name": "camion-demo-1-dns",
      "provider": "provider[\"registry.terraform.io/digitalocean/digitalocean\"]",
      "instances": [
        {
          "schema_version": 0,
          "attributes": {
            "domain": "rdas.site",
            "flags": 0,
            "fqdn": "camion-demo-1.rdas.site",
            "id": "1702349518",
            "name": "camion-demo-1",
            "port": 0,
            "priority": 0,
            "tag": "",
            "ttl": 1800,
            "type": "A",
            "value": "167.99.137.31",
            "weight": 0
          },
          "sensitive_attributes": [],
          "private": "bnVsbA==",
          "dependencies": [
            "data.digitalocean_domain.default",
            "data.digitalocean_ssh_key.laptop_ssh_key",
            "data.digitalocean_ssh_key.office_ssh_key",
            "digitalocean_droplet.camion-demo-1-droplet"
          ]
        }
      ]
    },
    {
      "mode": "managed",
      "type": "digitalocean_record",
      "name": "camion-demo-2-dns",
      "provider": "provider[\"registry.terraform.io/digitalocean/digitalocean\"]",
      "instances": [
        {
          "schema_version": 0,
          "attributes": {
            "domain": "rdas.site",
            "flags": 0,
            "fqdn": "camion-demo-2.rdas.site",
            "id": "1702349508",
            "name": "camion-demo-2",
            "port": 0,
            "priority": 0,
            "tag": "",
            "ttl": 1800,
            "type": "A",
            "value": "167.99.133.191",
            "weight": 0
          },
          "sensitive_attributes": [],
          "private": "bnVsbA==",
          "dependencies": [
            "data.digitalocean_domain.default",
            "data.digitalocean_ssh_key.laptop_ssh_key",
            "data.digitalocean_ssh_key.office_ssh_key",
            "digitalocean_droplet.camion-demo-2-droplet"
          ]
        }
      ]
    },
    {
      "mode": "managed",
      "type": "digitalocean_record",
      "name": "camion-demo-dns",
      "provider": "provider[\"registry.terraform.io/digitalocean/digitalocean\"]",
      "instances": [
        {
          "schema_version": 0,
          "attributes": {
            "domain": "rdas.site",
            "flags": 0,
            "fqdn": "camion-demo-lb.rdas.site",
            "id": "1702349687",
            "name": "camion-demo-lb",
            "port": 0,
            "priority": 0,
            "tag": "",
            "ttl": 1800,
            "type": "A",
            "value": "159.223.248.91",
            "weight": 0
          },
          "sensitive_attributes": [],
          "private": "bnVsbA==",
          "dependencies": [
            "data.digitalocean_certificate.test",
            "data.digitalocean_domain.default",
            "data.digitalocean_ssh_key.laptop_ssh_key",
            "data.digitalocean_ssh_key.office_ssh_key",
            "digitalocean_droplet.camion-demo-1-droplet",
            "digitalocean_droplet.camion-demo-2-droplet",
            "digitalocean_loadbalancer.public"
          ]
        }
      ]
    }
  ],
  "check_results": null
}
